
Microsoft Visual Studio Solution File, Format Version 12.00
# Visual Studio Version 16
VisualStudioVersion = 16.0.32228.343
MinimumVisualStudioVersion = 10.0.40219.1
Project("{FAE04EC0-301F-11D3-BF4B-00C04F79EFBC}") = "API_PROJECT_F", "API_PROJECT_F\API_PROJECT_F.csproj", "{B86E0F2E-B976-4C20-BB84-D02F486F76AB}"
EndProject
Global
	GlobalSection(SolutionConfigurationPlatforms) = preSolution
		Debug|Any CPU = Debug|Any CPU
		Release|Any CPU = Release|Any CPU
	EndGlobalSection
	GlobalSection(ProjectConfigurationPlatforms) = postSolution
		{B86E0F2E-B976-4C20-BB84-D02F486F76AB}.Debug|Any CPU.ActiveCfg = Debug|Any CPU
		{B86E0F2E-B976-4C20-BB84-D02F486F76AB}.Debug|Any CPU.Build.0 = Debug|Any CPU
		{B86E0F2E-B976-4C20-BB84-D02F486F76AB}.Release|Any CPU.ActiveCfg = Release|Any CPU
		{B86E0F2E-B976-4C20-BB84-D02F486F76AB}.Release|Any CPU.Build.0 = Release|Any CPU
	EndGlobalSection
	GlobalSection(SolutionProperties) = preSolution
		HideSolutionNode = FALSE
	EndGlobalSection
	GlobalSection(ExtensibilityGlobals) = postSolution
		SolutionGuid = {C0C86B10-7663-47B2-8F9E-D20B8B5389D7}
	EndGlobalSection
EndGlobal
